
Microsoft Visual Studio Solution File, Format Version 12.00
# Visual Studio Version 16
VisualStudioVersion = 16.0.31613.86
MinimumVisualStudioVersion = 10.0.40219.1
Project("{8BC9CEB8-8B4A-11D0-8D11-00A0C91BC942}") = "Initial order of pointer", "Initial order of pointer.vcxproj", "{49F7A183-6405-475F-ABE1-6F8FC223FBE5}"
EndProject
Global
	GlobalSection(SolutionConfigurationPlatforms) = preSolution
		Debug|x64 = Debug|x64
		Debug|x86 = Debug|x86
		Release|x64 = Release|x64
		Release|x86 = Release|x86
	EndGlobalSection
	GlobalSection(ProjectConfigurationPlatforms) = postSolution
		{49F7A183-6405-475F-ABE1-6F8FC223FBE5}.Debug|x64.ActiveCfg = Debug|x64
		{49F7A183-6405-475F-ABE1-6F8FC223FBE5}.Debug|x64.Build.0 = Debug|x64
		{49F7A183-6405-475F-ABE1-6F8FC223FBE5}.Debug|x86.ActiveCfg = Debug|Win32
		{49F7A183-6405-475F-ABE1-6F8FC223FBE5}.Debug|x86.Build.0 = Debug|Win32
		{49F7A183-6405-475F-ABE1-6F8FC223FBE5}.Release|x64.ActiveCfg = Release|x64
		{49F7A183-6405-475F-ABE1-6F8FC223FBE5}.Release|x64.Build.0 = Release|x64
		{49F7A183-6405-475F-ABE1-6F8FC223FBE5}.Release|x86.ActiveCfg = Release|Win32
		{49F7A183-6405-475F-ABE1-6F8FC223FBE5}.Release|x86.Build.0 = Release|Win32
	EndGlobalSection
	GlobalSection(SolutionProperties) = preSolution
		HideSolutionNode = FALSE
	EndGlobalSection
	GlobalSection(ExtensibilityGlobals) = postSolution
		SolutionGuid = {F67A1DFF-1E24-4596-80E2-8A4C93D4A617}
	EndGlobalSection
EndGlobal
