
Microsoft Visual Studio Solution File, Format Version 12.00
# Visual Studio Version 16
VisualStudioVersion = 16.0.31605.320
MinimumVisualStudioVersion = 10.0.40219.1
Project("{8BC9CEB8-8B4A-11D0-8D11-00A0C91BC942}") = "HelloWorld", "HelloWorld.vcxproj", "{07BE392A-14C0-44C6-9BE0-D75FC8925824}"
EndProject
Global
	GlobalSection(SolutionConfigurationPlatforms) = preSolution
		Debug|ARM = Debug|ARM
		Debug|x64 = Debug|x64
		Debug|x86 = Debug|x86
		Release|ARM = Release|ARM
		Release|x64 = Release|x64
		Release|x86 = Release|x86
	EndGlobalSection
	GlobalSection(ProjectConfigurationPlatforms) = postSolution
		{07BE392A-14C0-44C6-9BE0-D75FC8925824}.Debug|ARM.ActiveCfg = Debug|x64
		{07BE392A-14C0-44C6-9BE0-D75FC8925824}.Debug|ARM.Build.0 = Debug|x64
		{07BE392A-14C0-44C6-9BE0-D75FC8925824}.Debug|x64.ActiveCfg = Debug|x64
		{07BE392A-14C0-44C6-9BE0-D75FC8925824}.Debug|x64.Build.0 = Debug|x64
		{07BE392A-14C0-44C6-9BE0-D75FC8925824}.Debug|x86.ActiveCfg = Debug|Win32
		{07BE392A-14C0-44C6-9BE0-D75FC8925824}.Debug|x86.Build.0 = Debug|Win32
		{07BE392A-14C0-44C6-9BE0-D75FC8925824}.Release|ARM.ActiveCfg = Release|ARM
		{07BE392A-14C0-44C6-9BE0-D75FC8925824}.Release|ARM.Build.0 = Release|ARM
		{07BE392A-14C0-44C6-9BE0-D75FC8925824}.Release|x64.ActiveCfg = Release|x64
		{07BE392A-14C0-44C6-9BE0-D75FC8925824}.Release|x64.Build.0 = Release|x64
		{07BE392A-14C0-44C6-9BE0-D75FC8925824}.Release|x86.ActiveCfg = Release|Win32
		{07BE392A-14C0-44C6-9BE0-D75FC8925824}.Release|x86.Build.0 = Release|Win32
	EndGlobalSection
	GlobalSection(SolutionProperties) = preSolution
		HideSolutionNode = FALSE
	EndGlobalSection
	GlobalSection(ExtensibilityGlobals) = postSolution
		SolutionGuid = {049E121A-E969-4225-AD93-73749ABC9B3C}
	EndGlobalSection
EndGlobal
